<?xml version="1.0" encoding="utf-8"?>
<Project ToolsVersion="4.0" xmlns="http://schemas.microsoft.com/developer/msbuild/2003">
  <ItemGroup>
    <Filter Include="Source Files">
      <UniqueIdentifier>{4FC737F1-C7A5-4376-A066-2A32D752A2FF}</UniqueIdentifier>
      <Extensions>cpp;c;cc;cxx;c++;cppm;ixx;def;odl;idl;hpj;bat;asm;asmx</Extensions>
    </Filter>
    <Filter Include="Header Files">
      <UniqueIdentifier>{93995380-89BD-4b04-88EB-625FBE52EBFB}</UniqueIdentifier>
      <Extensions>h;hh;hpp;hxx;h++;hm;inl;inc;ipp;xsd</Extensions>
    </Filter>
    <Filter Include="Resource Files">
      <UniqueIdentifier>{67DA6AB6-F800-4c08-8B7A-83BB121AAD01}</UniqueIdentifier>
      <Extensions>rc;ico;cur;bmp;dlg;rc2;rct;bin;rgs;gif;jpg;jpeg;jpe;resx;tiff;tif;png;wav;mfcribbon-ms</Extensions>
    </Filter>
  </ItemGroup>
  <ItemGroup>
    <ClInclude Include="geo.h">
      <Filter>Header Files</Filter>
    </ClInclude>
    <ClInclude Include="transport_catalogue.h">
      <Filter>Header Files</Filter>
    </ClInclude>
    <ClInclude Include="tests.h">
      <Filter>Header Files</Filter>
    </ClInclude>
    <ClInclude Include="domain.h">
      <Filter>Header Files</Filter>
    </ClInclude>
    <ClInclude Include="json_reader.h">
      <Filter>Header Files</Filter>
    </ClInclude>
    <ClInclude Include="map_renderer.h">
      <Filter>Header Files</Filter>
    </ClInclude>
    <ClInclude Include="request_handler.h">
      <Filter>Header Files</Filter>
    </ClInclude>
    <ClInclude Include="json.h">
      <Filter>Header Files</Filter>
    </ClInclude>
    <ClInclude Include="svg.h">
      <Filter>Header Files</Filter>
    </ClInclude>
    <ClInclude Include="log_duration.h">
      <Filter>Header Files</Filter>
    </ClInclude>
    <ClInclude Include="json_builder.h">
      <Filter>Header Files</Filter>
    </ClInclude>
    <ClInclude Include="graph.h">
      <Filter>Header Files</Filter>
    </ClInclude>
    <ClInclude Include="router.h">
      <Filter>Header Files</Filter>
    </ClInclude>
    <ClInclude Include="transport_router.h">
      <Filter>Header Files</Filter>
    </ClInclude>
    <ClInclude Include="ranges.h">
      <Filter>Header Files</Filter>
    </ClInclude>
    <ClInclude Include="serialization.h">
      <Filter>Header Files</Filter>
    </ClInclude>
  </ItemGroup>
  <ItemGroup>
    <ClCompile Include="main.cpp">
      <Filter>Source Files</Filter>
    </ClCompile>
    <ClCompile Include="transport_catalogue.cpp">
      <Filter>Source Files</Filter>
    </ClCompile>
    <ClCompile Include="domain.cpp">
      <Filter>Source Files</Filter>
    </ClCompile>
    <ClCompile Include="geo.cpp">
      <Filter>Source Files</Filter>
    </ClCompile>
    <ClCompile Include="json_reader.cpp">
      <Filter>Source Files</Filter>
    </ClCompile>
    <ClCompile Include="map_renderer.cpp">
      <Filter>Source Files</Filter>
    </ClCompile>
    <ClCompile Include="request_handler.cpp">
      <Filter>Source Files</Filter>
    </ClCompile>
    <ClCompile Include="svg.cpp">
      <Filter>Source Files</Filter>
    </ClCompile>
    <ClCompile Include="json.cpp">
      <Filter>Source Files</Filter>
    </ClCompile>
    <ClCompile Include="json_builder.cpp">
      <Filter>Source Files</Filter>
    </ClCompile>
    <ClCompile Include="transport_router.cpp">
      <Filter>Source Files</Filter>
    </ClCompile>
    <ClCompile Include="serialization.cpp">
      <Filter>Source Files</Filter>
    </ClCompile>
  </ItemGroup>
  <ItemGroup>
    <None Include="input.json">
      <Filter>Resource Files</Filter>
    </None>
    <None Include="output.json">
      <Filter>Resource Files</Filter>
    </None>
    <None Include="input2.json">
      <Filter>Resource Files</Filter>
    </None>
    <None Include="input3.json">
      <Filter>Resource Files</Filter>
    </None>
    <None Include="input4.json">
      <Filter>Resource Files</Filter>
    </None>
    <None Include="speed.json">
      <Filter>Resource Files</Filter>
    </None>
    <None Include="input5.json">
      <Filter>Resource Files</Filter>
    </None>
    <None Include="input6.json">
      <Filter>Resource Files</Filter>
    </None>
    <None Include="s10_final_opentest_1.json">
      <Filter>Resource Files</Filter>
    </None>
    <None Include="s10_final_opentest_1_answer.json">
      <Filter>Resource Files</Filter>
    </None>
    <None Include="s10_final_opentest_2.json">
      <Filter>Resource Files</Filter>
    </None>
    <None Include="s10_final_opentest_2_answer.json">
      <Filter>Resource Files</Filter>
    </None>
    <None Include="s10_final_opentest_3.json">
      <Filter>Resource Files</Filter>
    </None>
    <None Include="s10_final_opentest_3_answer.json">
      <Filter>Resource Files</Filter>
    </None>
    <None Include="input_svg.json">
      <Filter>Resource Files</Filter>
    </None>
    <None Include="output_svg.svg">
      <Filter>Resource Files</Filter>
    </None>
    <None Include="output_svg.json">
      <Filter>Resource Files</Filter>
    </None>
    <None Include="test_1.svg">
      <Filter>Resource Files</Filter>
    </None>
    <None Include="s12_final_opentest_1.json">
      <Filter>Resource Files</Filter>
    </None>
    <None Include="s12_final_opentest_1_answer.json">
      <Filter>Resource Files</Filter>
    </None>
    <None Include="s12_final_opentest_2.json">
      <Filter>Resource Files</Filter>
    </None>
    <None Include="s12_final_opentest_2_answer.json">
      <Filter>Resource Files</Filter>
    </None>
    <None Include="s12_final_opentest_3.json">
      <Filter>Resource Files</Filter>
    </None>
    <None Include="s12_final_opentest_3_answer.json">
      <Filter>Resource Files</Filter>
    </None>
    <None Include="test_12_1_answer.json">
      <Filter>Resource Files</Filter>
    </None>
    <None Include="test_12_1_input.json">
      <Filter>Resource Files</Filter>
    </None>
    <None Include="test_12_2_input.json">
      <Filter>Resource Files</Filter>
    </None>
    <None Include="test_12_3_input.json">
      <Filter>Resource Files</Filter>
    </None>
    <None Include="test_12_2_answer.json">
      <Filter>Resource Files</Filter>
    </None>
    <None Include="test_12_3_answer.json">
      <Filter>Resource Files</Filter>
    </None>
    <None Include="test_12_4_input.json">
      <Filter>Resource Files</Filter>
    </None>
    <None Include="test_12_4_answer.json">
      <Filter>Resource Files</Filter>
    </None>
    <None Include="transport_catalogue.proto">
      <Filter>Source Files</Filter>
    </None>
  </ItemGroup>
  <ItemGroup>
    <Text Include="CMakeLists.txt">
      <Filter>Source Files</Filter>
    </Text>
  </ItemGroup>
</Project>